github.com/SeleneSoftware/humboldt v0.0.0-20210310043847-23bad9698cc3 h1:wD1T726iHsGXVHmFn7si89tq8vq1fl79w2P6n6RdCro=
github.com/SeleneSoftware/humboldt/controller v0.0.0-20210310043847-23bad9698cc3 h1:Fpw3pEZ2Z5Mz9ozJM2o+e/8xvIa6n2Gm1SscGKyV7RQ=
github.com/SeleneSoftware/humboldt/controller v0.0.0-20210310043847-23bad9698cc3/go.mod h1:qRIQz/Vu3UzzuSbizimxKfzVJcRJGyVguSFJeimhzrw=
github.com/SeleneSoftware/humboldt/template v0.0.0-20210310043847-23bad9698cc3 h1:hxzAByInOWdSvL71EO7Z3AVV+rIPTHD1o+SSlETnUNY=
github.com/SeleneSoftware/humboldt/template v0.0.0-20210310043847-23bad9698cc3/go.mod h1:D8VAPT+AkIo3ZN79R0ZKQtt9FCnp5CyO8rMd/coojMw=
github.com/chzyer/logex v1.1.10/go.mod h1:+Ywpsq7O8HXn0nuIou7OrIPyXbp3wmkHB+jjWRnGsAI=
github.com/chzyer/readline v0.0.0-20180603132655-2972be24d48e/go.mod h1:nSuG5e5PlCu98SY8svDHJxuZscDgtXS6KTTbou5AhLI=
github.com/chzyer/test v0.0.0-20180213035817-a1ea475d72b1/go.mod h1:Q3SI9o4m/ZMnBNeIyt5eFwwo7qiLfzFZmjNmxjkiQlU=
github.com/flosch/pongo2/v4 v4.0.2 h1:gv+5Pe3vaSVmiJvh/BZa82b7/00YUGm0PIyVVLop0Hw=
github.com/flosch/pongo2/v4 v4.0.2/go.mod h1:B5ObFANs/36VwxxlgKpdchIJHMvHB562PW+BWPhwZD8=
github.com/kr/pty v1.1.1/go.mod h1:pFQYn66WHrOpPYNljwOMqo10TkYh1fy3cYio2l3bCsQ=
github.com/kr/text v0.1.0/go.mod h1:4Jbv+DJW3UT/LiOwJeYQe1efqtUx/iVham/4vfdArNI=
github.com/niemeyer/pretty v0.0.0-20200227124842-a10e7caefd8e/go.mod h1:zD1mROLANZcx1PVRCS0qkT7pwLkGfwJo4zjcN/Tysno=
github.com/yuin/gopher-lua v0.0.0-20200816102855-ee81675732da h1:NimzV1aGyq29m5ukMK0AMWEhFaL/lrEOaephfuoiARg=
github.com/yuin/gopher-lua v0.0.0-20200816102855-ee81675732da/go.mod h1:E1AXubJBdNmFERAOucpDIxNzeGfLzg0mYh+UfMWdChA=
golang.org/x/sys v0.0.0-20190204203706-41f3e6584952/go.mod h1:STP8DvDyc/dI5b8T5hshtkjS+E42TnysNCUPdjciGhY=
gopkg.in/check.v1 v1.0.0-20200902074654-038fdea0a05b/go.mod h1:Co6ibVJAznAaIkqp8huTwlJQCZ016jof/cbN4VW5Yz0=
